
Microsoft Visual Studio Solution File, Format Version 12.00
# Visual Studio Version 17
VisualStudioVersion = 17.10.35027.167
MinimumVisualStudioVersion = 10.0.40219.1
Project("{FAE04EC0-301F-11D3-BF4B-00C04F79EFBC}") = "Project_Filipe_Alcaide", "Project_Filipe_Alcaide.csproj", "{A6F1A954-1E23-4854-A66B-86D2AB523BBF}"
EndProject
Global
	GlobalSection(SolutionConfigurationPlatforms) = preSolution
		Debug|Any CPU = Debug|Any CPU
		Release|Any CPU = Release|Any CPU
	EndGlobalSection
	GlobalSection(ProjectConfigurationPlatforms) = postSolution
		{A6F1A954-1E23-4854-A66B-86D2AB523BBF}.Debug|Any CPU.ActiveCfg = Release|Any CPU
		{A6F1A954-1E23-4854-A66B-86D2AB523BBF}.Debug|Any CPU.Build.0 = Release|Any CPU
		{A6F1A954-1E23-4854-A66B-86D2AB523BBF}.Release|Any CPU.ActiveCfg = Debug|Any CPU
		{A6F1A954-1E23-4854-A66B-86D2AB523BBF}.Release|Any CPU.Build.0 = Debug|Any CPU
	EndGlobalSection
	GlobalSection(SolutionProperties) = preSolution
		HideSolutionNode = FALSE
	EndGlobalSection
	GlobalSection(ExtensibilityGlobals) = postSolution
		SolutionGuid = {AA54F51F-0792-46D8-9F65-6D40D77FEED5}
	EndGlobalSection
EndGlobal
